{
  "name": "provider-agnostic-personal-context-orchestrator",
  "version": "0.0.0",
  "lockfileVersion": 3,
  "requires": true,
  "packages": {
    "": {
      "name": "provider-agnostic-personal-context-orchestrator",
      "version": "0.0.0",
      "workspaces": [
        "packages/*"
      ],
      "devDependencies": {
        "typescript": "^5.9.3"
      }
    },
    "node_modules/@orchestrator/core-domain": {
      "resolved": "packages/core-domain",
      "link": true
    },
    "node_modules/@orchestrator/core-foundation": {
      "resolved": "packages/core-foundation",
      "link": true
    },
    "node_modules/@orchestrator/governance": {
      "resolved": "packages/governance",
      "link": true
    },
    "node_modules/@orchestrator/pack-loop": {
      "resolved": "packages/pack-loop",
      "link": true
    },
    "node_modules/@orchestrator/persistence-contracts": {
      "resolved": "packages/persistence-contracts",
      "link": true
    },
    "node_modules/@orchestrator/read-path": {
      "resolved": "packages/read-path",
      "link": true
    },
    "node_modules/@orchestrator/write-path": {
      "resolved": "packages/write-path",
      "link": true
    },
    "node_modules/typescript": {
      "version": "5.9.3",
      "resolved": "https://registry.npmjs.org/typescript/-/typescript-5.9.3.tgz",
      "integrity": "sha512-jl1vZzPDinLr9eUt3J/t7V6FgNEw9QjvBPdysz9KfQDD41fQrC2Y4vKQdiaUpFT4bXlb1RHhLpp8wtm6M5TgSw==",
      "dev": true,
      "license": "Apache-2.0",
      "bin": {
        "tsc": "bin/tsc",
        "tsserver": "bin/tsserver"
      },
      "engines": {
        "node": ">=14.17"
      }
    },
    "packages/core-domain": {
      "name": "@orchestrator/core-domain",
      "version": "0.1.0",
      "dependencies": {
        "@orchestrator/core-foundation": "0.1.0"
      }
    },
    "packages/core-foundation": {
      "name": "@orchestrator/core-foundation",
      "version": "0.1.0"
    },
    "packages/governance": {
      "name": "@orchestrator/governance",
      "version": "0.1.0",
      "dependencies": {
        "@orchestrator/core-domain": "0.1.0",
        "@orchestrator/core-foundation": "0.1.0",
        "@orchestrator/persistence-contracts": "0.1.0"
      }
    },
    "packages/pack-loop": {
      "name": "@orchestrator/pack-loop",
      "version": "0.1.0",
      "dependencies": {
        "@orchestrator/core-domain": "0.1.0",
        "@orchestrator/core-foundation": "0.1.0",
        "@orchestrator/read-path": "0.1.0"
      }
    },
    "packages/persistence-contracts": {
      "name": "@orchestrator/persistence-contracts",
      "version": "0.1.0",
      "dependencies": {
        "@orchestrator/core-domain": "0.1.0",
        "@orchestrator/core-foundation": "0.1.0"
      }
    },
    "packages/read-path": {
      "name": "@orchestrator/read-path",
      "version": "0.1.0",
      "dependencies": {
        "@orchestrator/core-domain": "0.1.0",
        "@orchestrator/core-foundation": "0.1.0",
        "@orchestrator/governance": "0.1.0",
        "@orchestrator/persistence-contracts": "0.1.0"
      }
    },
    "packages/write-path": {
      "name": "@orchestrator/write-path",
      "version": "0.1.0",
      "dependencies": {
        "@orchestrator/core-domain": "0.1.0",
        "@orchestrator/core-foundation": "0.1.0",
        "@orchestrator/governance": "0.1.0",
        "@orchestrator/persistence-contracts": "0.1.0"
      }
    }
  }
}
